
Microsoft Visual Studio Solution File, Format Version 12.00
# Visual Studio 15
VisualStudioVersion = 15.0.27703.2042
MinimumVisualStudioVersion = 10.0.40219.1
Project("{FAE04EC0-301F-11D3-BF4B-00C04F79EFBC}") = "NotificationService", "NotificationService\NotificationService.csproj", "{3FD8F99F-DAB4-4223-A374-C69E58FC3054}"
EndProject
Global
	GlobalSection(SolutionConfigurationPlatforms) = preSolution
		Debug|Any CPU = Debug|Any CPU
		Release|Any CPU = Release|Any CPU
	EndGlobalSection
	GlobalSection(ProjectConfigurationPlatforms) = postSolution
		{3FD8F99F-DAB4-4223-A374-C69E58FC3054}.Debug|Any CPU.ActiveCfg = Debug|Any CPU
		{3FD8F99F-DAB4-4223-A374-C69E58FC3054}.Debug|Any CPU.Build.0 = Debug|Any CPU
		{3FD8F99F-DAB4-4223-A374-C69E58FC3054}.Release|Any CPU.ActiveCfg = Release|Any CPU
		{3FD8F99F-DAB4-4223-A374-C69E58FC3054}.Release|Any CPU.Build.0 = Release|Any CPU
	EndGlobalSection
	GlobalSection(SolutionProperties) = preSolution
		HideSolutionNode = FALSE
	EndGlobalSection
	GlobalSection(ExtensibilityGlobals) = postSolution
		SolutionGuid = {E56B8DAF-EED1-4ECE-B1C7-C08DFC1D92A1}
	EndGlobalSection
EndGlobal
